
Microsoft Visual Studio Solution File, Format Version 12.00
# Visual Studio Version 16
VisualStudioVersion = 16.0.30611.23
MinimumVisualStudioVersion = 10.0.40219.1
Project("{9A19103F-16F7-4668-BE54-9A1E7A4F7556}") = "Darnton.Blazor.Leaflet", "Darnton.Blazor.Leaflet\Darnton.Blazor.Leaflet.csproj", "{C18F445E-BD95-45E4-8C87-A5B7445F3B19}"
EndProject
Project("{9A19103F-16F7-4668-BE54-9A1E7A4F7556}") = "LeafletBlazorTestRig", "LeafletBlazorTestRig\LeafletBlazorTestRig.csproj", "{57B624F5-D518-41C0-9A8D-87A72D326C9B}"
EndProject
Global
	GlobalSection(SolutionConfigurationPlatforms) = preSolution
		Debug|Any CPU = Debug|Any CPU
		Release|Any CPU = Release|Any CPU
	EndGlobalSection
	GlobalSection(ProjectConfigurationPlatforms) = postSolution
		{C18F445E-BD95-45E4-8C87-A5B7445F3B19}.Debug|Any CPU.ActiveCfg = Debug|Any CPU
		{C18F445E-BD95-45E4-8C87-A5B7445F3B19}.Debug|Any CPU.Build.0 = Debug|Any CPU
		{C18F445E-BD95-45E4-8C87-A5B7445F3B19}.Release|Any CPU.ActiveCfg = Release|Any CPU
		{C18F445E-BD95-45E4-8C87-A5B7445F3B19}.Release|Any CPU.Build.0 = Release|Any CPU
		{57B624F5-D518-41C0-9A8D-87A72D326C9B}.Debug|Any CPU.ActiveCfg = Debug|Any CPU
		{57B624F5-D518-41C0-9A8D-87A72D326C9B}.Debug|Any CPU.Build.0 = Debug|Any CPU
		{57B624F5-D518-41C0-9A8D-87A72D326C9B}.Release|Any CPU.ActiveCfg = Release|Any CPU
		{57B624F5-D518-41C0-9A8D-87A72D326C9B}.Release|Any CPU.Build.0 = Release|Any CPU
	EndGlobalSection
	GlobalSection(SolutionProperties) = preSolution
		HideSolutionNode = FALSE
	EndGlobalSection
	GlobalSection(ExtensibilityGlobals) = postSolution
		SolutionGuid = {1D364330-61CD-4A24-8060-09423131D3DC}
	EndGlobalSection
EndGlobal
